{
  "name": "classicjs",
  "version": "1.0.0",
  "lockfileVersion": 3,
  "requires": true,
  "packages": {
    "": {
      "name": "classicjs",
      "version": "1.0.0",
      "license": "ISC",
      "dependencies": {
        "perlin-noise": "^0.0.1"
      }
    },
    "node_modules/perlin-noise": {
      "version": "0.0.1",
      "resolved": "https://registry.npmjs.org/perlin-noise/-/perlin-noise-0.0.1.tgz",
      "integrity": "sha512-33wNN1FN7jZPF0ISkSF8BLag71wjBWzrpzd/m00iFsxtIhKeZ8VaKBQtzPX3TBegK9GYPXwGzR3oJp9v2T7QuQ==",
      "license": "BSD"
    }
  }
}
